// !$*UTF8*$!
{
	archiveVersion = 1;
	classes = {
	};
	objectVersion = 55;
	objects = {

/* Begin PBXBuildFile section */
		652D4B052919C880004EDEA9 /* AppDelegate.swift in Sources */ = {isa = PBXBuildFile; fileRef = 652D4B042919C880004EDEA9 /* AppDelegate.swift */; };
		652D4B072919C880004EDEA9 /* SceneDelegate.swift in Sources */ = {isa = PBXBuildFile; fileRef = 652D4B062919C880004EDEA9 /* SceneDelegate.swift */; };
		652D4B0C2919C880004EDEA9 /* Main.storyboard in Resources */ = {isa = PBXBuildFile; fileRef = 652D4B0A2919C880004EDEA9 /* Main.storyboard */; };
		652D4B0E2919C884004EDEA9 /* Assets.xcassets in Resources */ = {isa = PBXBuildFile; fileRef = 652D4B0D2919C884004EDEA9 /* Assets.xcassets */; };
		652D4B112919C884004EDEA9 /* LaunchScreen.storyboard in Resources */ = {isa = PBXBuildFile; fileRef = 652D4B0F2919C884004EDEA9 /* LaunchScreen.storyboard */; };
		652D4B232919EB53004EDEA9 /* InstaPost.swift in Sources */ = {isa = PBXBuildFile; fileRef = 652D4B222919EB53004EDEA9 /* InstaPost.swift */; };
		65BD6E1E2954489000796B7A /* FeedViewController.swift in Sources */ = {isa = PBXBuildFile; fileRef = 65BD6E1D2954489000796B7A /* FeedViewController.swift */; };
		65BD6E25295470C300796B7A /* FeedTableViewCell.swift in Sources */ = {isa = PBXBuildFile; fileRef = 65BD6E23295470C300796B7A /* FeedTableViewCell.swift */; };
		65BD6E26295470C300796B7A /* FeedTableViewCell.xib in Resources */ = {isa = PBXBuildFile; fileRef = 65BD6E24295470C300796B7A /* FeedTableViewCell.xib */; };
		65BD6E2B29573AA200796B7A /* RecommendationsTableViewCell.swift in Sources */ = {isa = PBXBuildFile; fileRef = 65BD6E2929573AA200796B7A /* RecommendationsTableViewCell.swift */; };
		65BD6E2C29573AA200796B7A /* RecommendationsTableViewCell.xib in Resources */ = {isa = PBXBuildFile; fileRef = 65BD6E2A29573AA200796B7A /* RecommendationsTableViewCell.xib */; };
/* End PBXBuildFile section */

/* Begin PBXFileReference section */
		652D4B012919C880004EDEA9 /* InstaClone.app */ = {isa = PBXFileReference; explicitFileType = wrapper.application; includeInIndex = 0; path = InstaClone.app; sourceTree = BUILT_PRODUCTS_DIR; };
		652D4B042919C880004EDEA9 /* AppDelegate.swift */ = {isa = PBXFileReference; lastKnownFileType = sourcecode.swift; path = AppDelegate.swift; sourceTree = "<group>"; };
		652D4B062919C880004EDEA9 /* SceneDelegate.swift */ = {isa = PBXFileReference; lastKnownFileType = sourcecode.swift; path = SceneDelegate.swift; sourceTree = "<group>"; };
		652D4B0B2919C880004EDEA9 /* Base */ = {isa = PBXFileReference; lastKnownFileType = file.storyboard; name = Base; path = Base.lproj/Main.storyboard; sourceTree = "<group>"; };
		652D4B0D2919C884004EDEA9 /* Assets.xcassets */ = {isa = PBXFileReference; lastKnownFileType = folder.assetcatalog; path = Assets.xcassets; sourceTree = "<group>"; };
		652D4B102919C884004EDEA9 /* Base */ = {isa = PBXFileReference; lastKnownFileType = file.storyboard; name = Base; path = Base.lproj/LaunchScreen.storyboard; sourceTree = "<group>"; };
		652D4B122919C884004EDEA9 /* Info.plist */ = {isa = PBXFileReference; lastKnownFileType = text.plist.xml; path = Info.plist; sourceTree = "<group>"; };
		652D4B222919EB53004EDEA9 /* InstaPost.swift */ = {isa = PBXFileReference; fileEncoding = 4; lastKnownFileType = sourcecode.swift; path = InstaPost.swift; sourceTree = "<group>"; };
		65BD6E1D2954489000796B7A /* FeedViewController.swift */ = {isa = PBXFileReference; lastKnownFileType = sourcecode.swift; path = FeedViewController.swift; sourceTree = "<group>"; };
		65BD6E23295470C300796B7A /* FeedTableViewCell.swift */ = {isa = PBXFileReference; lastKnownFileType = sourcecode.swift; path = FeedTableViewCell.swift; sourceTree = "<group>"; };
		65BD6E24295470C300796B7A /* FeedTableViewCell.xib */ = {isa = PBXFileReference; lastKnownFileType = file.xib; path = FeedTableViewCell.xib; sourceTree = "<group>"; };
		65BD6E2929573AA200796B7A /* RecommendationsTableViewCell.swift */ = {isa = PBXFileReference; lastKnownFileType = sourcecode.swift; path = RecommendationsTableViewCell.swift; sourceTree = "<group>"; };
		65BD6E2A29573AA200796B7A /* RecommendationsTableViewCell.xib */ = {isa = PBXFileReference; lastKnownFileType = file.xib; path = RecommendationsTableViewCell.xib; sourceTree = "<group>"; };
/* End PBXFileReference section */

/* Begin PBXFrameworksBuildPhase section */
		652D4AFE2919C880004EDEA9 /* Frameworks */ = {
			isa = PBXFrameworksBuildPhase;
			buildActionMask = 2147483647;
			files = (
			);
			runOnlyForDeploymentPostprocessing = 0;
		};
/* End PBXFrameworksBuildPhase section */

/* Begin PBXGroup section */
		652D4AF82919C880004EDEA9 = {
			isa = PBXGroup;
			children = (
				652D4B032919C880004EDEA9 /* InstaClone */,
				652D4B022919C880004EDEA9 /* Products */,
			);
			sourceTree = "<group>";
		};
		652D4B022919C880004EDEA9 /* Products */ = {
			isa = PBXGroup;
			children = (
				652D4B012919C880004EDEA9 /* InstaClone.app */,
			);
			name = Products;
			sourceTree = "<group>";
		};
		652D4B032919C880004EDEA9 /* InstaClone */ = {
			isa = PBXGroup;
			children = (
				6582A77629604D8600643C50 /* Model */,
				6582A77429604D6400643C50 /* View */,
				6582A77529604D6E00643C50 /* Controller */,
				652D4B042919C880004EDEA9 /* AppDelegate.swift */,
				652D4B062919C880004EDEA9 /* SceneDelegate.swift */,
				652D4B0D2919C884004EDEA9 /* Assets.xcassets */,
				652D4B0F2919C884004EDEA9 /* LaunchScreen.storyboard */,
				652D4B122919C884004EDEA9 /* Info.plist */,
			);
			path = InstaClone;
			sourceTree = "<group>";
		};
		6582A77429604D6400643C50 /* View */ = {
			isa = PBXGroup;
			children = (
				65BD6E2A29573AA200796B7A /* RecommendationsTableViewCell.xib */,
				65BD6E24295470C300796B7A /* FeedTableViewCell.xib */,
				652D4B0A2919C880004EDEA9 /* Main.storyboard */,
			);
			path = View;
			sourceTree = "<group>";
		};
		6582A77529604D6E00643C50 /* Controller */ = {
			isa = PBXGroup;
			children = (
				65BD6E2929573AA200796B7A /* RecommendationsTableViewCell.swift */,
				65BD6E23295470C300796B7A /* FeedTableViewCell.swift */,
				65BD6E1D2954489000796B7A /* FeedViewController.swift */,
			);
			path = Controller;
			sourceTree = "<group>";
		};
		6582A77629604D8600643C50 /* Model */ = {
			isa = PBXGroup;
			children = (
				652D4B222919EB53004EDEA9 /* InstaPost.swift */,
			);
			path = Model;
			sourceTree = "<group>";
		};
/* End PBXGroup section */

/* Begin PBXNativeTarget section */
		652D4B002919C880004EDEA9 /* InstaClone */ = {
			isa = PBXNativeTarget;
			buildConfigurationList = 652D4B152919C884004EDEA9 /* Build configuration list for PBXNativeTarget "InstaClone" */;
			buildPhases = (
				652D4AFD2919C880004EDEA9 /* Sources */,
				652D4AFE2919C880004EDEA9 /* Frameworks */,
				652D4AFF2919C880004EDEA9 /* Resources */,
			);
			buildRules = (
			);
			dependencies = (
			);
			name = InstaClone;
			productName = InstaClone;
			productReference = 652D4B012919C880004EDEA9 /* InstaClone.app */;
			productType = "com.apple.product-type.application";
		};
/* End PBXNativeTarget section */

/* Begin PBXProject section */
		652D4AF92919C880004EDEA9 /* Project object */ = {
			isa = PBXProject;
			attributes = {
				BuildIndependentTargetsInParallel = 1;
				LastSwiftUpdateCheck = 1340;
				LastUpgradeCheck = 1340;
				TargetAttributes = {
					652D4B002919C880004EDEA9 = {
						CreatedOnToolsVersion = 13.4.1;
					};
				};
			};
			buildConfigurationList = 652D4AFC2919C880004EDEA9 /* Build configuration list for PBXProject "InstaClone" */;
			compatibilityVersion = "Xcode 13.0";
			developmentRegion = en;
			hasScannedForEncodings = 0;
			knownRegions = (
				en,
				Base,
			);
			mainGroup = 652D4AF82919C880004EDEA9;
			productRefGroup = 652D4B022919C880004EDEA9 /* Products */;
			projectDirPath = "";
			projectRoot = "";
			targets = (
				652D4B002919C880004EDEA9 /* InstaClone */,
			);
		};
/* End PBXProject section */

/* Begin PBXResourcesBuildPhase section */
		652D4AFF2919C880004EDEA9 /* Resources */ = {
			isa = PBXResourcesBuildPhase;
			buildActionMask = 2147483647;
			files = (
				652D4B112919C884004EDEA9 /* LaunchScreen.storyboard in Resources */,
				65BD6E2C29573AA200796B7A /* RecommendationsTableViewCell.xib in Resources */,
				65BD6E26295470C300796B7A /* FeedTableViewCell.xib in Resources */,
				652D4B0E2919C884004EDEA9 /* Assets.xcassets in Resources */,
				652D4B0C2919C880004EDEA9 /* Main.storyboard in Resources */,
			);
			runOnlyForDeploymentPostprocessing = 0;
		};
/* End PBXResourcesBuildPhase section */

/* Begin PBXSourcesBuildPhase section */
		652D4AFD2919C880004EDEA9 /* Sources */ = {
			isa = PBXSourcesBuildPhase;
			buildActionMask = 2147483647;
			files = (
				65BD6E2B29573AA200796B7A /* RecommendationsTableViewCell.swift in Sources */,
				65BD6E25295470C300796B7A /* FeedTableViewCell.swift in Sources */,
				652D4B052919C880004EDEA9 /* AppDelegate.swift in Sources */,
				65BD6E1E2954489000796B7A /* FeedViewController.swift in Sources */,
				652D4B072919C880004EDEA9 /* SceneDelegate.swift in Sources */,
				652D4B232919EB53004EDEA9 /* InstaPost.swift in Sources */,
			);
			runOnlyForDeploymentPostprocessing = 0;
		};
/* End PBXSourcesBuildPhase section */

/* Begin PBXVariantGroup section */
		652D4B0A2919C880004EDEA9 /* Main.storyboard */ = {
			isa = PBXVariantGroup;
			children = (
				652D4B0B2919C880004EDEA9 /* Base */,
			);
			name = Main.storyboard;
			sourceTree = "<group>";
		};
		652D4B0F2919C884004EDEA9 /* LaunchScreen.storyboard */ = {
			isa = PBXVariantGroup;
			children = (
				652D4B102919C884004EDEA9 /* Base */,
			);
			name = LaunchScreen.storyboard;
			sourceTree = "<group>";
		};
/* End PBXVariantGroup section */

/* Begin XCBuildConfiguration section */
		652D4B132919C884004EDEA9 /* Debug */ = {
			isa = XCBuildConfiguration;
			buildSettings = {
				ALWAYS_SEARCH_USER_PATHS = NO;
				CLANG_ANALYZER_NONNULL = YES;
				CLANG_ANALYZER_NUMBER_OBJECT_CONVERSION = YES_AGGRESSIVE;
				CLANG_CXX_LANGUAGE_STANDARD = "gnu++17";
				CLANG_ENABLE_MODULES = YES;
				CLANG_ENABLE_OBJC_ARC = YES;
				CLANG_ENABLE_OBJC_WEAK = YES;
				CLANG_WARN_BLOCK_CAPTURE_AUTORELEASING = YES;
				CLANG_WARN_BOOL_CONVERSION = YES;
				CLANG_WARN_COMMA = YES;
				CLANG_WARN_CONSTANT_CONVERSION = YES;
				CLANG_WARN_DEPRECATED_OBJC_IMPLEMENTATIONS = YES;
				CLANG_WARN_DIRECT_OBJC_ISA_USAGE = YES_ERROR;
				CLANG_WARN_DOCUMENTATION_COMMENTS = YES;
				CLANG_WARN_EMPTY_BODY = YES;
				CLANG_WARN_ENUM_CONVERSION = YES;
				CLANG_WARN_INFINITE_RECURSION = YES;
				CLANG_WARN_INT_CONVERSION = YES;
				CLANG_WARN_NON_LITERAL_NULL_CONVERSION = YES;
				CLANG_WARN_OBJC_IMPLICIT_RETAIN_SELF = YES;
				CLANG_WARN_OBJC_LITERAL_CONVERSION = YES;
				CLANG_WARN_OBJC_ROOT_CLASS = YES_ERROR;
				CLANG_WARN_QUOTED_INCLUDE_IN_FRAMEWORK_HEADER = YES;
				CLANG_WARN_RANGE_LOOP_ANALYSIS = YES;
				CLANG_WARN_STRICT_PROTOTYPES = YES;
				CLANG_WARN_SUSPICIOUS_MOVE = YES;
				CLANG_WARN_UNGUARDED_AVAILABILITY = YES_AGGRESSIVE;
				CLANG_WARN_UNREACHABLE_CODE = YES;
				CLANG_WARN__DUPLICATE_METHOD_MATCH = YES;
				COPY_PHASE_STRIP = NO;
				DEBUG_INFORMATION_FORMAT = dwarf;
				ENABLE_STRICT_OBJC_MSGSEND = YES;
				ENABLE_TESTABILITY = YES;
				GCC_C_LANGUAGE_STANDARD = gnu11;
				GCC_DYNAMIC_NO_PIC = NO;
				GCC_NO_COMMON_BLOCKS = YES;
				GCC_OPTIMIZATION_LEVEL = 0;
				GCC_PREPROCESSOR_DEFINITIONS = (
					"DEBUG=1",
					"$(inherited)",
				);
				GCC_WARN_64_TO_32_BIT_CONVERSION = YES;
				GCC_WARN_ABOUT_RETURN_TYPE = YES_ERROR;
				GCC_WARN_UNDECLARED_SELECTOR = YES;
				GCC_WARN_UNINITIALIZED_AUTOS = YES_AGGRESSIVE;
				GCC_WARN_UNUSED_FUNCTION = YES;
				GCC_WARN_UNUSED_VARIABLE = YES;
				IPHONEOS_DEPLOYMENT_TARGET = 15.5;
				MTL_ENABLE_DEBUG_INFO = INCLUDE_SOURCE;
				MTL_FAST_MATH = YES;
				ONLY_ACTIVE_ARCH = YES;
				SDKROOT = iphoneos;
				SWIFT_ACTIVE_COMPILATION_CONDITIONS = DEBUG;
				SWIFT_OPTIMIZATION_LEVEL = "-Onone";
			};
			name = Debug;
		};
		652D4B142919C884004EDEA9 /* Release */ = {
			isa = XCBuildConfiguration;
			buildSettings = {
				ALWAYS_SEARCH_USER_PATHS = NO;
				CLANG_ANALYZER_NONNULL = YES;
				CLANG_ANALYZER_NUMBER_OBJECT_CONVERSION = YES_AGGRESSIVE;
				CLANG_CXX_LANGUAGE_STANDARD = "gnu++17";
				CLANG_ENABLE_MODULES = YES;
				CLANG_ENABLE_OBJC_ARC = YES;
				CLANG_ENABLE_OBJC_WEAK = YES;
				CLANG_WARN_BLOCK_CAPTURE_AUTORELEASING = YES;
				CLANG_WARN_BOOL_CONVERSION = YES;
				CLANG_WARN_COMMA = YES;
				CLANG_WARN_CONSTANT_CONVERSION = YES;
				CLANG_WARN_DEPRECATED_OBJC_IMPLEMENTATIONS = YES;
				CLANG_WARN_DIRECT_OBJC_ISA_USAGE = YES_ERROR;
				CLANG_WARN_DOCUMENTATION_COMMENTS = YES;
				CLANG_WARN_EMPTY_BODY = YES;
				CLANG_WARN_ENUM_CONVERSION = YES;
				CLANG_WARN_INFINITE_RECURSION = YES;
				CLANG_WARN_INT_CONVERSION = YES;
				CLANG_WARN_NON_LITERAL_NULL_CONVERSION = YES;
				CLANG_WARN_OBJC_IMPLICIT_RETAIN_SELF = YES;
				CLANG_WARN_OBJC_LITERAL_CONVERSION = YES;
				CLANG_WARN_OBJC_ROOT_CLASS = YES_ERROR;
				CLANG_WARN_QUOTED_INCLUDE_IN_FRAMEWORK_HEADER = YES;
				CLANG_WARN_RANGE_LOOP_ANALYSIS = YES;
				CLANG_WARN_STRICT_PROTOTYPES = YES;
				CLANG_WARN_SUSPICIOUS_MOVE = YES;
				CLANG_WARN_UNGUARDED_AVAILABILITY = YES_AGGRESSIVE;
				CLANG_WARN_UNREACHABLE_CODE = YES;
				CLANG_WARN__DUPLICATE_METHOD_MATCH = YES;
				COPY_PHASE_STRIP = NO;
				DEBUG_INFORMATION_FORMAT = "dwarf-with-dsym";
				ENABLE_NS_ASSERTIONS = NO;
				ENABLE_STRICT_OBJC_MSGSEND = YES;
				GCC_C_LANGUAGE_STANDARD = gnu11;
				GCC_NO_COMMON_BLOCKS = YES;
				GCC_WARN_64_TO_32_BIT_CONVERSION = YES;
				GCC_WARN_ABOUT_RETURN_TYPE = YES_ERROR;
				GCC_WARN_UNDECLARED_SELECTOR = YES;
				GCC_WARN_UNINITIALIZED_AUTOS = YES_AGGRESSIVE;
				GCC_WARN_UNUSED_FUNCTION = YES;
				GCC_WARN_UNUSED_VARIABLE = YES;
				IPHONEOS_DEPLOYMENT_TARGET = 15.5;
				MTL_ENABLE_DEBUG_INFO = NO;
				MTL_FAST_MATH = YES;
				SDKROOT = iphoneos;
				SWIFT_COMPILATION_MODE = wholemodule;
				SWIFT_OPTIMIZATION_LEVEL = "-O";
				VALIDATE_PRODUCT = YES;
			};
			name = Release;
		};
		652D4B162919C884004EDEA9 /* Debug */ = {
			isa = XCBuildConfiguration;
			buildSettings = {
				ASSETCATALOG_COMPILER_APPICON_NAME = AppIcon;
				ASSETCATALOG_COMPILER_GLOBAL_ACCENT_COLOR_NAME = AccentColor;
				CODE_SIGN_STYLE = Automatic;
				CURRENT_PROJECT_VERSION = 1;
				DEVELOPMENT_TEAM = 7297456K9N;
				GENERATE_INFOPLIST_FILE = YES;
				INFOPLIST_FILE = InstaClone/Info.plist;
				INFOPLIST_KEY_UIApplicationSupportsIndirectInputEvents = YES;
				INFOPLIST_KEY_UILaunchStoryboardName = LaunchScreen;
				INFOPLIST_KEY_UIMainStoryboardFile = Main;
				INFOPLIST_KEY_UISupportedInterfaceOrientations_iPad = "UIInterfaceOrientationPortrait UIInterfaceOrientationPortraitUpsideDown UIInterfaceOrientationLandscapeLeft UIInterfaceOrientationLandscapeRight";
				INFOPLIST_KEY_UISupportedInterfaceOrientations_iPhone = "UIInterfaceOrientationPortrait UIInterfaceOrientationLandscapeLeft UIInterfaceOrientationLandscapeRight";
				LD_RUNPATH_SEARCH_PATHS = (
					"$(inherited)",
					"@executable_path/Frameworks",
				);
				MARKETING_VERSION = 1.0;
				PRODUCT_BUNDLE_IDENTIFIER = ASH.InstaClone;
				PRODUCT_NAME = "$(TARGET_NAME)";
				SWIFT_EMIT_LOC_STRINGS = YES;
				SWIFT_VERSION = 5.0;
				TARGETED_DEVICE_FAMILY = "1,2";
			};
			name = Debug;
		};
		652D4B172919C884004EDEA9 /* Release */ = {
			isa = XCBuildConfiguration;
			buildSettings = {
				ASSETCATALOG_COMPILER_APPICON_NAME = AppIcon;
				ASSETCATALOG_COMPILER_GLOBAL_ACCENT_COLOR_NAME = AccentColor;
				CODE_SIGN_STYLE = Automatic;
				CURRENT_PROJECT_VERSION = 1;
				DEVELOPMENT_TEAM = 7297456K9N;
				GENERATE_INFOPLIST_FILE = YES;
				INFOPLIST_FILE = InstaClone/Info.plist;
				INFOPLIST_KEY_UIApplicationSupportsIndirectInputEvents = YES;
				INFOPLIST_KEY_UILaunchStoryboardName = LaunchScreen;
				INFOPLIST_KEY_UIMainStoryboardFile = Main;
				INFOPLIST_KEY_UISupportedInterfaceOrientations_iPad = "UIInterfaceOrientationPortrait UIInterfaceOrientationPortraitUpsideDown UIInterfaceOrientationLandscapeLeft UIInterfaceOrientationLandscapeRight";
				INFOPLIST_KEY_UISupportedInterfaceOrientations_iPhone = "UIInterfaceOrientationPortrait UIInterfaceOrientationLandscapeLeft UIInterfaceOrientationLandscapeRight";
				LD_RUNPATH_SEARCH_PATHS = (
					"$(inherited)",
					"@executable_path/Frameworks",
				);
				MARKETING_VERSION = 1.0;
				PRODUCT_BUNDLE_IDENTIFIER = ASH.InstaClone;
				PRODUCT_NAME = "$(TARGET_NAME)";
				SWIFT_EMIT_LOC_STRINGS = YES;
				SWIFT_VERSION = 5.0;
				TARGETED_DEVICE_FAMILY = "1,2";
			};
			name = Release;
		};
/* End XCBuildConfiguration section */

/* Begin XCConfigurationList section */
		652D4AFC2919C880004EDEA9 /* Build configuration list for PBXProject "InstaClone" */ = {
			isa = XCConfigurationList;
			buildConfigurations = (
				652D4B132919C884004EDEA9 /* Debug */,
				652D4B142919C884004EDEA9 /* Release */,
			);
			defaultConfigurationIsVisible = 0;
			defaultConfigurationName = Release;
		};
		652D4B152919C884004EDEA9 /* Build configuration list for PBXNativeTarget "InstaClone" */ = {
			isa = XCConfigurationList;
			buildConfigurations = (
				652D4B162919C884004EDEA9 /* Debug */,
				652D4B172919C884004EDEA9 /* Release */,
			);
			defaultConfigurationIsVisible = 0;
			defaultConfigurationName = Release;
		};
/* End XCConfigurationList section */
	};
	rootObject = 652D4AF92919C880004EDEA9 /* Project object */;
}
